
Microsoft Visual Studio Solution File, Format Version 12.00
# Visual Studio Version 17
VisualStudioVersion = 17.4.33205.214
MinimumVisualStudioVersion = 10.0.40219.1
Project("{9A19103F-16F7-4668-BE54-9A1E7A4F7556}") = "Issue1386collector", "Issue1386\Issue1386collector.csproj", "{F5BC072C-46EB-42C0-839B-FF5068352E76}"
EndProject
Project("{9A19103F-16F7-4668-BE54-9A1E7A4F7556}") = "Issue1386Tests", "Issue1386Tests\Issue1386Tests.csproj", "{FE96ED18-E956-4FC3-82E3-5FA0EA8E42C6}"
EndProject
Global
	GlobalSection(SolutionConfigurationPlatforms) = preSolution
		Debug|Any CPU = Debug|Any CPU
		Release|Any CPU = Release|Any CPU
	EndGlobalSection
	GlobalSection(ProjectConfigurationPlatforms) = postSolution
		{F5BC072C-46EB-42C0-839B-FF5068352E76}.Debug|Any CPU.ActiveCfg = Debug|Any CPU
		{F5BC072C-46EB-42C0-839B-FF5068352E76}.Debug|Any CPU.Build.0 = Debug|Any CPU
		{F5BC072C-46EB-42C0-839B-FF5068352E76}.Release|Any CPU.ActiveCfg = Release|Any CPU
		{F5BC072C-46EB-42C0-839B-FF5068352E76}.Release|Any CPU.Build.0 = Release|Any CPU
		{FE96ED18-E956-4FC3-82E3-5FA0EA8E42C6}.Debug|Any CPU.ActiveCfg = Debug|Any CPU
		{FE96ED18-E956-4FC3-82E3-5FA0EA8E42C6}.Debug|Any CPU.Build.0 = Debug|Any CPU
		{FE96ED18-E956-4FC3-82E3-5FA0EA8E42C6}.Release|Any CPU.ActiveCfg = Release|Any CPU
		{FE96ED18-E956-4FC3-82E3-5FA0EA8E42C6}.Release|Any CPU.Build.0 = Release|Any CPU
	EndGlobalSection
	GlobalSection(SolutionProperties) = preSolution
		HideSolutionNode = FALSE
	EndGlobalSection
	GlobalSection(ExtensibilityGlobals) = postSolution
		SolutionGuid = {82B7A2DA-2357-47D5-ACB7-4257AD4A27A9}
	EndGlobalSection
EndGlobal
